
Microsoft Visual Studio Solution File, Format Version 11.00
# Visual Studio 2010
Project("{FAE04EC0-301F-11D3-BF4B-00C04F79EFBC}") = "AltTester.AltTesterUnitySDK.Driver", "AltTester.AltTesterUnitySDK.Driver.csproj", "{fbb9cc45-e0a5-24a1-ac04-fe6c50a0fd8a}"
EndProject
Project("{FAE04EC0-301F-11D3-BF4B-00C04F79EFBC}") = "Assembly-CSharp", "Assembly-CSharp.csproj", "{e8cecbf2-4436-1feb-81fa-13e18a997bec}"
EndProject
Project("{FAE04EC0-301F-11D3-BF4B-00C04F79EFBC}") = "AltTester.AltTesterUnitySDK", "AltTester.AltTesterUnitySDK.csproj", "{9b437c01-2eec-18b8-2fdd-4fded73e68a2}"
EndProject
Project("{FAE04EC0-301F-11D3-BF4B-00C04F79EFBC}") = "Assembly-CSharp-Editor", "Assembly-CSharp-Editor.csproj", "{98c92189-fcdc-4ba0-cca7-ed485b335519}"
EndProject
Project("{FAE04EC0-301F-11D3-BF4B-00C04F79EFBC}") = "AltTester.AltTesterUnitySDK.Editor", "AltTester.AltTesterUnitySDK.Editor.csproj", "{5d5f0c56-e7f1-93bd-bfea-bcd3b6d056ba}"
EndProject
Global
	GlobalSection(SolutionConfigurationPlatforms) = preSolution
		Debug|Any CPU = Debug|Any CPU
	EndGlobalSection
	GlobalSection(ProjectConfigurationPlatforms) = postSolution
		{fbb9cc45-e0a5-24a1-ac04-fe6c50a0fd8a}.Debug|Any CPU.ActiveCfg = Debug|Any CPU
		{fbb9cc45-e0a5-24a1-ac04-fe6c50a0fd8a}.Debug|Any CPU.Build.0 = Debug|Any CPU
		{e8cecbf2-4436-1feb-81fa-13e18a997bec}.Debug|Any CPU.ActiveCfg = Debug|Any CPU
		{e8cecbf2-4436-1feb-81fa-13e18a997bec}.Debug|Any CPU.Build.0 = Debug|Any CPU
		{9b437c01-2eec-18b8-2fdd-4fded73e68a2}.Debug|Any CPU.ActiveCfg = Debug|Any CPU
		{9b437c01-2eec-18b8-2fdd-4fded73e68a2}.Debug|Any CPU.Build.0 = Debug|Any CPU
		{98c92189-fcdc-4ba0-cca7-ed485b335519}.Debug|Any CPU.ActiveCfg = Debug|Any CPU
		{98c92189-fcdc-4ba0-cca7-ed485b335519}.Debug|Any CPU.Build.0 = Debug|Any CPU
		{5d5f0c56-e7f1-93bd-bfea-bcd3b6d056ba}.Debug|Any CPU.ActiveCfg = Debug|Any CPU
		{5d5f0c56-e7f1-93bd-bfea-bcd3b6d056ba}.Debug|Any CPU.Build.0 = Debug|Any CPU
	EndGlobalSection
	GlobalSection(SolutionProperties) = preSolution
		HideSolutionNode = FALSE
	EndGlobalSection
EndGlobal
